// !$*UTF8*$!
{
	archiveVersion = 1;
	classes = {
	};
	objectVersion = 46;
	objects = {

/* Begin PBXGroup section */
		0C0FAD081524683000A55B31 = {
			isa = PBXGroup;
			children = (
			);
			sourceTree = "<group>";
		};
/* End PBXGroup section */

/* Begin PBXProject section */
		0C0FAD0A1524683000A55B31 /* Project object */ = {
			isa = PBXProject;
			attributes = {
				LastUpgradeCheck = 0420;
				ORGANIZATIONNAME = Codeflux;
			};
			buildConfigurationList = 0C0FAD0D1524683000A55B31 /* Build configuration list for PBXProject "Mercantilism" */;
			compatibilityVersion = "Xcode 3.2";
			developmentRegion = English;
			hasScannedForEncodings = 0;
			knownRegions = (
				en,
			);
			mainGroup = 0C0FAD081524683000A55B31;
			projectDirPath = "";
			projectRoot = "";
			targets = (
			);
		};
/* End PBXProject section */

/* Begin XCBuildConfiguration section */
		0C0FAD0F1524683100A55B31 /* Debug */ = {
			isa = XCBuildConfiguration;
			buildSettings = {
			};
			name = Debug;
		};
		0C0FAD101524683100A55B31 /* Release */ = {
			isa = XCBuildConfiguration;
			buildSettings = {
			};
			name = Release;
		};
/* End XCBuildConfiguration section */

/* Begin XCConfigurationList section */
		0C0FAD0D1524683000A55B31 /* Build configuration list for PBXProject "Mercantilism" */ = {
			isa = XCConfigurationList;
			buildConfigurations = (
				0C0FAD0F1524683100A55B31 /* Debug */,
				0C0FAD101524683100A55B31 /* Release */,
			);
			defaultConfigurationIsVisible = 0;
			defaultConfigurationName = Release;
		};
/* End XCConfigurationList section */
	};
	rootObject = 0C0FAD0A1524683000A55B31 /* Project object */;
}
